// !$*UTF8*$!
{
	archiveVersion = 1;
	classes = {
	};
	objectVersion = 56;
	objects = {

/* Begin PBXBuildFile section */
		14B202D129FF6BD400DA6C6A /* SwiftUI_Bank_AppApp.swift in Sources */ = {isa = PBXBuildFile; fileRef = 14B202D029FF6BD400DA6C6A /* SwiftUI_Bank_AppApp.swift */; };
		14B202D329FF6BD400DA6C6A /* ContentView.swift in Sources */ = {isa = PBXBuildFile; fileRef = 14B202D229FF6BD400DA6C6A /* ContentView.swift */; };
		14B202D529FF6BD600DA6C6A /* Assets.xcassets in Resources */ = {isa = PBXBuildFile; fileRef = 14B202D429FF6BD600DA6C6A /* Assets.xcassets */; };
		14B202D829FF6BD600DA6C6A /* Preview Assets.xcassets in Resources */ = {isa = PBXBuildFile; fileRef = 14B202D729FF6BD600DA6C6A /* Preview Assets.xcassets */; };
		14B202E529FF778000DA6C6A /* Double+Extensions.swift in Sources */ = {isa = PBXBuildFile; fileRef = 14B202E429FF778000DA6C6A /* Double+Extensions.swift */; };
		14B202E729FF77F100DA6C6A /* URL+Extensions.swift in Sources */ = {isa = PBXBuildFile; fileRef = 14B202E629FF77F100DA6C6A /* URL+Extensions.swift */; };
		14B202ED29FF78DE00DA6C6A /* Constants.swift in Sources */ = {isa = PBXBuildFile; fileRef = 14B202EC29FF78DE00DA6C6A /* Constants.swift */; };
		14B202EF29FF79CC00DA6C6A /* View+Extensions.swift in Sources */ = {isa = PBXBuildFile; fileRef = 14B202EE29FF79CC00DA6C6A /* View+Extensions.swift */; };
		14B202F129FF889800DA6C6A /* Account.swift in Sources */ = {isa = PBXBuildFile; fileRef = 14B202F029FF889800DA6C6A /* Account.swift */; };
		14B202F329FF898E00DA6C6A /* AccountService.swift in Sources */ = {isa = PBXBuildFile; fileRef = 14B202F229FF898E00DA6C6A /* AccountService.swift */; };
		14B202F529FF8C3600DA6C6A /* AccountSummaryViewModel.swift in Sources */ = {isa = PBXBuildFile; fileRef = 14B202F429FF8C3600DA6C6A /* AccountSummaryViewModel.swift */; };
		14B202F729FF8E5B00DA6C6A /* AccountSummaryScreen.swift in Sources */ = {isa = PBXBuildFile; fileRef = 14B202F629FF8E5B00DA6C6A /* AccountSummaryScreen.swift */; };
		14B202F929FF8F8E00DA6C6A /* AccountListView.swift in Sources */ = {isa = PBXBuildFile; fileRef = 14B202F829FF8F8E00DA6C6A /* AccountListView.swift */; };
		14B202FC29FFBBA000DA6C6A /* CreateAccountRequest.swift in Sources */ = {isa = PBXBuildFile; fileRef = 14B202FB29FFBBA000DA6C6A /* CreateAccountRequest.swift */; };
		14B202FE29FFBC3600DA6C6A /* CreateAccountResponse.swift in Sources */ = {isa = PBXBuildFile; fileRef = 14B202FD29FFBC3600DA6C6A /* CreateAccountResponse.swift */; };
		14B2030029FFBDDE00DA6C6A /* AddAccountViewModel.swift in Sources */ = {isa = PBXBuildFile; fileRef = 14B202FF29FFBDDE00DA6C6A /* AddAccountViewModel.swift */; };
		14B2030229FFC0BA00DA6C6A /* AddAccountScreen.swift in Sources */ = {isa = PBXBuildFile; fileRef = 14B2030129FFC0BA00DA6C6A /* AddAccountScreen.swift */; };
		14B203062A00118400DA6C6A /* TransferFundRequest.swift in Sources */ = {isa = PBXBuildFile; fileRef = 14B203052A00118400DA6C6A /* TransferFundRequest.swift */; };
		14B203082A00121F00DA6C6A /* TransferFundResponse.swift in Sources */ = {isa = PBXBuildFile; fileRef = 14B203072A00121F00DA6C6A /* TransferFundResponse.swift */; };
		14B2030A2A00143500DA6C6A /* TransferFundViewModel.swift in Sources */ = {isa = PBXBuildFile; fileRef = 14B203092A00143500DA6C6A /* TransferFundViewModel.swift */; };
		14B2030C2A0015EC00DA6C6A /* TransferFundScreen.swift in Sources */ = {isa = PBXBuildFile; fileRef = 14B2030B2A0015EC00DA6C6A /* TransferFundScreen.swift */; };
		14B2030E2A016C9100DA6C6A /* TransferFundsAccountSelectionView.swift in Sources */ = {isa = PBXBuildFile; fileRef = 14B2030D2A016C9100DA6C6A /* TransferFundsAccountSelectionView.swift */; };
/* End PBXBuildFile section */

/* Begin PBXFileReference section */
		14B202CD29FF6BD400DA6C6A /* SwiftUI-Bank_App.app */ = {isa = PBXFileReference; explicitFileType = wrapper.application; includeInIndex = 0; path = "SwiftUI-Bank_App.app"; sourceTree = BUILT_PRODUCTS_DIR; };
		14B202D029FF6BD400DA6C6A /* SwiftUI_Bank_AppApp.swift */ = {isa = PBXFileReference; lastKnownFileType = sourcecode.swift; path = SwiftUI_Bank_AppApp.swift; sourceTree = "<group>"; };
		14B202D229FF6BD400DA6C6A /* ContentView.swift */ = {isa = PBXFileReference; lastKnownFileType = sourcecode.swift; path = ContentView.swift; sourceTree = "<group>"; };
		14B202D429FF6BD600DA6C6A /* Assets.xcassets */ = {isa = PBXFileReference; lastKnownFileType = folder.assetcatalog; path = Assets.xcassets; sourceTree = "<group>"; };
		14B202D729FF6BD600DA6C6A /* Preview Assets.xcassets */ = {isa = PBXFileReference; lastKnownFileType = folder.assetcatalog; path = "Preview Assets.xcassets"; sourceTree = "<group>"; };
		14B202E429FF778000DA6C6A /* Double+Extensions.swift */ = {isa = PBXFileReference; lastKnownFileType = sourcecode.swift; path = "Double+Extensions.swift"; sourceTree = "<group>"; };
		14B202E629FF77F100DA6C6A /* URL+Extensions.swift */ = {isa = PBXFileReference; lastKnownFileType = sourcecode.swift; path = "URL+Extensions.swift"; sourceTree = "<group>"; };
		14B202EC29FF78DE00DA6C6A /* Constants.swift */ = {isa = PBXFileReference; lastKnownFileType = sourcecode.swift; path = Constants.swift; sourceTree = "<group>"; };
		14B202EE29FF79CC00DA6C6A /* View+Extensions.swift */ = {isa = PBXFileReference; lastKnownFileType = sourcecode.swift; path = "View+Extensions.swift"; sourceTree = "<group>"; };
		14B202F029FF889800DA6C6A /* Account.swift */ = {isa = PBXFileReference; lastKnownFileType = sourcecode.swift; path = Account.swift; sourceTree = "<group>"; };
		14B202F229FF898E00DA6C6A /* AccountService.swift */ = {isa = PBXFileReference; lastKnownFileType = sourcecode.swift; path = AccountService.swift; sourceTree = "<group>"; };
		14B202F429FF8C3600DA6C6A /* AccountSummaryViewModel.swift */ = {isa = PBXFileReference; lastKnownFileType = sourcecode.swift; path = AccountSummaryViewModel.swift; sourceTree = "<group>"; };
		14B202F629FF8E5B00DA6C6A /* AccountSummaryScreen.swift */ = {isa = PBXFileReference; lastKnownFileType = sourcecode.swift; path = AccountSummaryScreen.swift; sourceTree = "<group>"; };
		14B202F829FF8F8E00DA6C6A /* AccountListView.swift */ = {isa = PBXFileReference; lastKnownFileType = sourcecode.swift; path = AccountListView.swift; sourceTree = "<group>"; };
		14B202FA29FF937A00DA6C6A /* SwiftUI-Bank-App-Info.plist */ = {isa = PBXFileReference; lastKnownFileType = text.plist; path = "SwiftUI-Bank-App-Info.plist"; sourceTree = SOURCE_ROOT; };
		14B202FB29FFBBA000DA6C6A /* CreateAccountRequest.swift */ = {isa = PBXFileReference; lastKnownFileType = sourcecode.swift; path = CreateAccountRequest.swift; sourceTree = "<group>"; };
		14B202FD29FFBC3600DA6C6A /* CreateAccountResponse.swift */ = {isa = PBXFileReference; lastKnownFileType = sourcecode.swift; path = CreateAccountResponse.swift; sourceTree = "<group>"; };
		14B202FF29FFBDDE00DA6C6A /* AddAccountViewModel.swift */ = {isa = PBXFileReference; lastKnownFileType = sourcecode.swift; path = AddAccountViewModel.swift; sourceTree = "<group>"; };
		14B2030129FFC0BA00DA6C6A /* AddAccountScreen.swift */ = {isa = PBXFileReference; lastKnownFileType = sourcecode.swift; path = AddAccountScreen.swift; sourceTree = "<group>"; };
		14B203052A00118400DA6C6A /* TransferFundRequest.swift */ = {isa = PBXFileReference; lastKnownFileType = sourcecode.swift; path = TransferFundRequest.swift; sourceTree = "<group>"; };
		14B203072A00121F00DA6C6A /* TransferFundResponse.swift */ = {isa = PBXFileReference; lastKnownFileType = sourcecode.swift; path = TransferFundResponse.swift; sourceTree = "<group>"; };
		14B203092A00143500DA6C6A /* TransferFundViewModel.swift */ = {isa = PBXFileReference; lastKnownFileType = sourcecode.swift; path = TransferFundViewModel.swift; sourceTree = "<group>"; };
		14B2030B2A0015EC00DA6C6A /* TransferFundScreen.swift */ = {isa = PBXFileReference; lastKnownFileType = sourcecode.swift; path = TransferFundScreen.swift; sourceTree = "<group>"; };
		14B2030D2A016C9100DA6C6A /* TransferFundsAccountSelectionView.swift */ = {isa = PBXFileReference; lastKnownFileType = sourcecode.swift; path = TransferFundsAccountSelectionView.swift; sourceTree = "<group>"; };
/* End PBXFileReference section */

/* Begin PBXFrameworksBuildPhase section */
		14B202CA29FF6BD400DA6C6A /* Frameworks */ = {
			isa = PBXFrameworksBuildPhase;
			buildActionMask = 2147483647;
			files = (
			);
			runOnlyForDeploymentPostprocessing = 0;
		};
/* End PBXFrameworksBuildPhase section */

/* Begin PBXGroup section */
		14B202C429FF6BD400DA6C6A = {
			isa = PBXGroup;
			children = (
				14B202CF29FF6BD400DA6C6A /* SwiftUI-Bank_App */,
				14B202CE29FF6BD400DA6C6A /* Products */,
			);
			sourceTree = "<group>";
		};
		14B202CE29FF6BD400DA6C6A /* Products */ = {
			isa = PBXGroup;
			children = (
				14B202CD29FF6BD400DA6C6A /* SwiftUI-Bank_App.app */,
			);
			name = Products;
			sourceTree = "<group>";
		};
		14B202CF29FF6BD400DA6C6A /* SwiftUI-Bank_App */ = {
			isa = PBXGroup;
			children = (
				14B202FA29FF937A00DA6C6A /* SwiftUI-Bank-App-Info.plist */,
				14B202EB29FF78D400DA6C6A /* Utils */,
				14B202E329FF776800DA6C6A /* ViewModels */,
				14B202E229FF775D00DA6C6A /* Services */,
				14B202E129FF775600DA6C6A /* Views */,
				14B202E029FF775000DA6C6A /* Screens */,
				14B202DF29FF774B00DA6C6A /* Models */,
				14B202DE29FF774000DA6C6A /* Extensions */,
				14B202D029FF6BD400DA6C6A /* SwiftUI_Bank_AppApp.swift */,
				14B202D229FF6BD400DA6C6A /* ContentView.swift */,
				14B202D429FF6BD600DA6C6A /* Assets.xcassets */,
				14B202D629FF6BD600DA6C6A /* Preview Content */,
			);
			path = "SwiftUI-Bank_App";
			sourceTree = "<group>";
		};
		14B202D629FF6BD600DA6C6A /* Preview Content */ = {
			isa = PBXGroup;
			children = (
				14B202D729FF6BD600DA6C6A /* Preview Assets.xcassets */,
			);
			path = "Preview Content";
			sourceTree = "<group>";
		};
		14B202DE29FF774000DA6C6A /* Extensions */ = {
			isa = PBXGroup;
			children = (
				14B202E429FF778000DA6C6A /* Double+Extensions.swift */,
				14B202E629FF77F100DA6C6A /* URL+Extensions.swift */,
				14B202EE29FF79CC00DA6C6A /* View+Extensions.swift */,
			);
			path = Extensions;
			sourceTree = "<group>";
		};
		14B202DF29FF774B00DA6C6A /* Models */ = {
			isa = PBXGroup;
			children = (
				14B202F029FF889800DA6C6A /* Account.swift */,
				14B202FB29FFBBA000DA6C6A /* CreateAccountRequest.swift */,
				14B202FD29FFBC3600DA6C6A /* CreateAccountResponse.swift */,
				14B203052A00118400DA6C6A /* TransferFundRequest.swift */,
				14B203072A00121F00DA6C6A /* TransferFundResponse.swift */,
			);
			path = Models;
			sourceTree = "<group>";
		};
		14B202E029FF775000DA6C6A /* Screens */ = {
			isa = PBXGroup;
			children = (
				14B202F629FF8E5B00DA6C6A /* AccountSummaryScreen.swift */,
				14B2030129FFC0BA00DA6C6A /* AddAccountScreen.swift */,
				14B2030B2A0015EC00DA6C6A /* TransferFundScreen.swift */,
			);
			path = Screens;
			sourceTree = "<group>";
		};
		14B202E129FF775600DA6C6A /* Views */ = {
			isa = PBXGroup;
			children = (
				14B202F829FF8F8E00DA6C6A /* AccountListView.swift */,
				14B2030D2A016C9100DA6C6A /* TransferFundsAccountSelectionView.swift */,
			);
			path = Views;
			sourceTree = "<group>";
		};
		14B202E229FF775D00DA6C6A /* Services */ = {
			isa = PBXGroup;
			children = (
				14B202F229FF898E00DA6C6A /* AccountService.swift */,
			);
			path = Services;
			sourceTree = "<group>";
		};
		14B202E329FF776800DA6C6A /* ViewModels */ = {
			isa = PBXGroup;
			children = (
				14B202F429FF8C3600DA6C6A /* AccountSummaryViewModel.swift */,
				14B202FF29FFBDDE00DA6C6A /* AddAccountViewModel.swift */,
				14B203092A00143500DA6C6A /* TransferFundViewModel.swift */,
			);
			path = ViewModels;
			sourceTree = "<group>";
		};
		14B202EB29FF78D400DA6C6A /* Utils */ = {
			isa = PBXGroup;
			children = (
				14B202EC29FF78DE00DA6C6A /* Constants.swift */,
			);
			path = Utils;
			sourceTree = "<group>";
		};
/* End PBXGroup section */

/* Begin PBXNativeTarget section */
		14B202CC29FF6BD400DA6C6A /* SwiftUI-Bank_App */ = {
			isa = PBXNativeTarget;
			buildConfigurationList = 14B202DB29FF6BD600DA6C6A /* Build configuration list for PBXNativeTarget "SwiftUI-Bank_App" */;
			buildPhases = (
				14B202C929FF6BD400DA6C6A /* Sources */,
				14B202CA29FF6BD400DA6C6A /* Frameworks */,
				14B202CB29FF6BD400DA6C6A /* Resources */,
			);
			buildRules = (
			);
			dependencies = (
			);
			name = "SwiftUI-Bank_App";
			productName = "SwiftUI-Bank_App";
			productReference = 14B202CD29FF6BD400DA6C6A /* SwiftUI-Bank_App.app */;
			productType = "com.apple.product-type.application";
		};
/* End PBXNativeTarget section */

/* Begin PBXProject section */
		14B202C529FF6BD400DA6C6A /* Project object */ = {
			isa = PBXProject;
			attributes = {
				BuildIndependentTargetsInParallel = 1;
				LastSwiftUpdateCheck = 1430;
				LastUpgradeCheck = 1430;
				TargetAttributes = {
					14B202CC29FF6BD400DA6C6A = {
						CreatedOnToolsVersion = 14.3;
					};
				};
			};
			buildConfigurationList = 14B202C829FF6BD400DA6C6A /* Build configuration list for PBXProject "SwiftUI-Bank_App" */;
			compatibilityVersion = "Xcode 14.0";
			developmentRegion = en;
			hasScannedForEncodings = 0;
			knownRegions = (
				en,
				Base,
			);
			mainGroup = 14B202C429FF6BD400DA6C6A;
			productRefGroup = 14B202CE29FF6BD400DA6C6A /* Products */;
			projectDirPath = "";
			projectRoot = "";
			targets = (
				14B202CC29FF6BD400DA6C6A /* SwiftUI-Bank_App */,
			);
		};
/* End PBXProject section */

/* Begin PBXResourcesBuildPhase section */
		14B202CB29FF6BD400DA6C6A /* Resources */ = {
			isa = PBXResourcesBuildPhase;
			buildActionMask = 2147483647;
			files = (
				14B202D829FF6BD600DA6C6A /* Preview Assets.xcassets in Resources */,
				14B202D529FF6BD600DA6C6A /* Assets.xcassets in Resources */,
			);
			runOnlyForDeploymentPostprocessing = 0;
		};
/* End PBXResourcesBuildPhase section */

/* Begin PBXSourcesBuildPhase section */
		14B202C929FF6BD400DA6C6A /* Sources */ = {
			isa = PBXSourcesBuildPhase;
			buildActionMask = 2147483647;
			files = (
				14B202FE29FFBC3600DA6C6A /* CreateAccountResponse.swift in Sources */,
				14B2030229FFC0BA00DA6C6A /* AddAccountScreen.swift in Sources */,
				14B202F929FF8F8E00DA6C6A /* AccountListView.swift in Sources */,
				14B202ED29FF78DE00DA6C6A /* Constants.swift in Sources */,
				14B202E529FF778000DA6C6A /* Double+Extensions.swift in Sources */,
				14B202F729FF8E5B00DA6C6A /* AccountSummaryScreen.swift in Sources */,
				14B202E729FF77F100DA6C6A /* URL+Extensions.swift in Sources */,
				14B202D329FF6BD400DA6C6A /* ContentView.swift in Sources */,
				14B2030A2A00143500DA6C6A /* TransferFundViewModel.swift in Sources */,
				14B202EF29FF79CC00DA6C6A /* View+Extensions.swift in Sources */,
				14B202F529FF8C3600DA6C6A /* AccountSummaryViewModel.swift in Sources */,
				14B202F329FF898E00DA6C6A /* AccountService.swift in Sources */,
				14B2030C2A0015EC00DA6C6A /* TransferFundScreen.swift in Sources */,
				14B202D129FF6BD400DA6C6A /* SwiftUI_Bank_AppApp.swift in Sources */,
				14B202F129FF889800DA6C6A /* Account.swift in Sources */,
				14B2030029FFBDDE00DA6C6A /* AddAccountViewModel.swift in Sources */,
				14B202FC29FFBBA000DA6C6A /* CreateAccountRequest.swift in Sources */,
				14B2030E2A016C9100DA6C6A /* TransferFundsAccountSelectionView.swift in Sources */,
				14B203062A00118400DA6C6A /* TransferFundRequest.swift in Sources */,
				14B203082A00121F00DA6C6A /* TransferFundResponse.swift in Sources */,
			);
			runOnlyForDeploymentPostprocessing = 0;
		};
/* End PBXSourcesBuildPhase section */

/* Begin XCBuildConfiguration section */
		14B202D929FF6BD600DA6C6A /* Debug */ = {
			isa = XCBuildConfiguration;
			buildSettings = {
				ALWAYS_SEARCH_USER_PATHS = NO;
				CLANG_ANALYZER_NONNULL = YES;
				CLANG_ANALYZER_NUMBER_OBJECT_CONVERSION = YES_AGGRESSIVE;
				CLANG_CXX_LANGUAGE_STANDARD = "gnu++20";
				CLANG_ENABLE_MODULES = YES;
				CLANG_ENABLE_OBJC_ARC = YES;
				CLANG_ENABLE_OBJC_WEAK = YES;
				CLANG_WARN_BLOCK_CAPTURE_AUTORELEASING = YES;
				CLANG_WARN_BOOL_CONVERSION = YES;
				CLANG_WARN_COMMA = YES;
				CLANG_WARN_CONSTANT_CONVERSION = YES;
				CLANG_WARN_DEPRECATED_OBJC_IMPLEMENTATIONS = YES;
				CLANG_WARN_DIRECT_OBJC_ISA_USAGE = YES_ERROR;
				CLANG_WARN_DOCUMENTATION_COMMENTS = YES;
				CLANG_WARN_EMPTY_BODY = YES;
				CLANG_WARN_ENUM_CONVERSION = YES;
				CLANG_WARN_INFINITE_RECURSION = YES;
				CLANG_WARN_INT_CONVERSION = YES;
				CLANG_WARN_NON_LITERAL_NULL_CONVERSION = YES;
				CLANG_WARN_OBJC_IMPLICIT_RETAIN_SELF = YES;
				CLANG_WARN_OBJC_LITERAL_CONVERSION = YES;
				CLANG_WARN_OBJC_ROOT_CLASS = YES_ERROR;
				CLANG_WARN_QUOTED_INCLUDE_IN_FRAMEWORK_HEADER = YES;
				CLANG_WARN_RANGE_LOOP_ANALYSIS = YES;
				CLANG_WARN_STRICT_PROTOTYPES = YES;
				CLANG_WARN_SUSPICIOUS_MOVE = YES;
				CLANG_WARN_UNGUARDED_AVAILABILITY = YES_AGGRESSIVE;
				CLANG_WARN_UNREACHABLE_CODE = YES;
				CLANG_WARN__DUPLICATE_METHOD_MATCH = YES;
				COPY_PHASE_STRIP = NO;
				DEBUG_INFORMATION_FORMAT = dwarf;
				ENABLE_STRICT_OBJC_MSGSEND = YES;
				ENABLE_TESTABILITY = YES;
				GCC_C_LANGUAGE_STANDARD = gnu11;
				GCC_DYNAMIC_NO_PIC = NO;
				GCC_NO_COMMON_BLOCKS = YES;
				GCC_OPTIMIZATION_LEVEL = 0;
				GCC_PREPROCESSOR_DEFINITIONS = (
					"DEBUG=1",
					"$(inherited)",
				);
				GCC_WARN_64_TO_32_BIT_CONVERSION = YES;
				GCC_WARN_ABOUT_RETURN_TYPE = YES_ERROR;
				GCC_WARN_UNDECLARED_SELECTOR = YES;
				GCC_WARN_UNINITIALIZED_AUTOS = YES_AGGRESSIVE;
				GCC_WARN_UNUSED_FUNCTION = YES;
				GCC_WARN_UNUSED_VARIABLE = YES;
				IPHONEOS_DEPLOYMENT_TARGET = 16.4;
				MTL_ENABLE_DEBUG_INFO = INCLUDE_SOURCE;
				MTL_FAST_MATH = YES;
				ONLY_ACTIVE_ARCH = YES;
				SDKROOT = iphoneos;
				SWIFT_ACTIVE_COMPILATION_CONDITIONS = DEBUG;
				SWIFT_OPTIMIZATION_LEVEL = "-Onone";
			};
			name = Debug;
		};
		14B202DA29FF6BD600DA6C6A /* Release */ = {
			isa = XCBuildConfiguration;
			buildSettings = {
				ALWAYS_SEARCH_USER_PATHS = NO;
				CLANG_ANALYZER_NONNULL = YES;
				CLANG_ANALYZER_NUMBER_OBJECT_CONVERSION = YES_AGGRESSIVE;
				CLANG_CXX_LANGUAGE_STANDARD = "gnu++20";
				CLANG_ENABLE_MODULES = YES;
				CLANG_ENABLE_OBJC_ARC = YES;
				CLANG_ENABLE_OBJC_WEAK = YES;
				CLANG_WARN_BLOCK_CAPTURE_AUTORELEASING = YES;
				CLANG_WARN_BOOL_CONVERSION = YES;
				CLANG_WARN_COMMA = YES;
				CLANG_WARN_CONSTANT_CONVERSION = YES;
				CLANG_WARN_DEPRECATED_OBJC_IMPLEMENTATIONS = YES;
				CLANG_WARN_DIRECT_OBJC_ISA_USAGE = YES_ERROR;
				CLANG_WARN_DOCUMENTATION_COMMENTS = YES;
				CLANG_WARN_EMPTY_BODY = YES;
				CLANG_WARN_ENUM_CONVERSION = YES;
				CLANG_WARN_INFINITE_RECURSION = YES;
				CLANG_WARN_INT_CONVERSION = YES;
				CLANG_WARN_NON_LITERAL_NULL_CONVERSION = YES;
				CLANG_WARN_OBJC_IMPLICIT_RETAIN_SELF = YES;
				CLANG_WARN_OBJC_LITERAL_CONVERSION = YES;
				CLANG_WARN_OBJC_ROOT_CLASS = YES_ERROR;
				CLANG_WARN_QUOTED_INCLUDE_IN_FRAMEWORK_HEADER = YES;
				CLANG_WARN_RANGE_LOOP_ANALYSIS = YES;
				CLANG_WARN_STRICT_PROTOTYPES = YES;
				CLANG_WARN_SUSPICIOUS_MOVE = YES;
				CLANG_WARN_UNGUARDED_AVAILABILITY = YES_AGGRESSIVE;
				CLANG_WARN_UNREACHABLE_CODE = YES;
				CLANG_WARN__DUPLICATE_METHOD_MATCH = YES;
				COPY_PHASE_STRIP = NO;
				DEBUG_INFORMATION_FORMAT = "dwarf-with-dsym";
				ENABLE_NS_ASSERTIONS = NO;
				ENABLE_STRICT_OBJC_MSGSEND = YES;
				GCC_C_LANGUAGE_STANDARD = gnu11;
				GCC_NO_COMMON_BLOCKS = YES;
				GCC_WARN_64_TO_32_BIT_CONVERSION = YES;
				GCC_WARN_ABOUT_RETURN_TYPE = YES_ERROR;
				GCC_WARN_UNDECLARED_SELECTOR = YES;
				GCC_WARN_UNINITIALIZED_AUTOS = YES_AGGRESSIVE;
				GCC_WARN_UNUSED_FUNCTION = YES;
				GCC_WARN_UNUSED_VARIABLE = YES;
				IPHONEOS_DEPLOYMENT_TARGET = 16.4;
				MTL_ENABLE_DEBUG_INFO = NO;
				MTL_FAST_MATH = YES;
				SDKROOT = iphoneos;
				SWIFT_COMPILATION_MODE = wholemodule;
				SWIFT_OPTIMIZATION_LEVEL = "-O";
				VALIDATE_PRODUCT = YES;
			};
			name = Release;
		};
		14B202DC29FF6BD600DA6C6A /* Debug */ = {
			isa = XCBuildConfiguration;
			buildSettings = {
				ASSETCATALOG_COMPILER_APPICON_NAME = AppIcon;
				ASSETCATALOG_COMPILER_GLOBAL_ACCENT_COLOR_NAME = AccentColor;
				CODE_SIGN_STYLE = Automatic;
				CURRENT_PROJECT_VERSION = 1;
				DEVELOPMENT_ASSET_PATHS = "\"SwiftUI-Bank_App/Preview Content\"";
				ENABLE_PREVIEWS = YES;
				GENERATE_INFOPLIST_FILE = YES;
				INFOPLIST_FILE = "SwiftUI-Bank-App-Info.plist";
				INFOPLIST_KEY_UIApplicationSceneManifest_Generation = YES;
				INFOPLIST_KEY_UIApplicationSupportsIndirectInputEvents = YES;
				INFOPLIST_KEY_UILaunchScreen_Generation = YES;
				INFOPLIST_KEY_UISupportedInterfaceOrientations_iPad = "UIInterfaceOrientationPortrait UIInterfaceOrientationPortraitUpsideDown UIInterfaceOrientationLandscapeLeft UIInterfaceOrientationLandscapeRight";
				INFOPLIST_KEY_UISupportedInterfaceOrientations_iPhone = "UIInterfaceOrientationPortrait UIInterfaceOrientationLandscapeLeft UIInterfaceOrientationLandscapeRight";
				LD_RUNPATH_SEARCH_PATHS = (
					"$(inherited)",
					"@executable_path/Frameworks",
				);
				MARKETING_VERSION = 1.0;
				PRODUCT_BUNDLE_IDENTIFIER = "space.fadlim.SwiftUI-Bank-App";
				PRODUCT_NAME = "$(TARGET_NAME)";
				SWIFT_EMIT_LOC_STRINGS = YES;
				SWIFT_VERSION = 5.0;
				TARGETED_DEVICE_FAMILY = "1,2";
			};
			name = Debug;
		};
		14B202DD29FF6BD600DA6C6A /* Release */ = {
			isa = XCBuildConfiguration;
			buildSettings = {
				ASSETCATALOG_COMPILER_APPICON_NAME = AppIcon;
				ASSETCATALOG_COMPILER_GLOBAL_ACCENT_COLOR_NAME = AccentColor;
				CODE_SIGN_STYLE = Automatic;
				CURRENT_PROJECT_VERSION = 1;
				DEVELOPMENT_ASSET_PATHS = "\"SwiftUI-Bank_App/Preview Content\"";
				ENABLE_PREVIEWS = YES;
				GENERATE_INFOPLIST_FILE = YES;
				INFOPLIST_FILE = "SwiftUI-Bank-App-Info.plist";
				INFOPLIST_KEY_UIApplicationSceneManifest_Generation = YES;
				INFOPLIST_KEY_UIApplicationSupportsIndirectInputEvents = YES;
				INFOPLIST_KEY_UILaunchScreen_Generation = YES;
				INFOPLIST_KEY_UISupportedInterfaceOrientations_iPad = "UIInterfaceOrientationPortrait UIInterfaceOrientationPortraitUpsideDown UIInterfaceOrientationLandscapeLeft UIInterfaceOrientationLandscapeRight";
				INFOPLIST_KEY_UISupportedInterfaceOrientations_iPhone = "UIInterfaceOrientationPortrait UIInterfaceOrientationLandscapeLeft UIInterfaceOrientationLandscapeRight";
				LD_RUNPATH_SEARCH_PATHS = (
					"$(inherited)",
					"@executable_path/Frameworks",
				);
				MARKETING_VERSION = 1.0;
				PRODUCT_BUNDLE_IDENTIFIER = "space.fadlim.SwiftUI-Bank-App";
				PRODUCT_NAME = "$(TARGET_NAME)";
				SWIFT_EMIT_LOC_STRINGS = YES;
				SWIFT_VERSION = 5.0;
				TARGETED_DEVICE_FAMILY = "1,2";
			};
			name = Release;
		};
/* End XCBuildConfiguration section */

/* Begin XCConfigurationList section */
		14B202C829FF6BD400DA6C6A /* Build configuration list for PBXProject "SwiftUI-Bank_App" */ = {
			isa = XCConfigurationList;
			buildConfigurations = (
				14B202D929FF6BD600DA6C6A /* Debug */,
				14B202DA29FF6BD600DA6C6A /* Release */,
			);
			defaultConfigurationIsVisible = 0;
			defaultConfigurationName = Release;
		};
		14B202DB29FF6BD600DA6C6A /* Build configuration list for PBXNativeTarget "SwiftUI-Bank_App" */ = {
			isa = XCConfigurationList;
			buildConfigurations = (
				14B202DC29FF6BD600DA6C6A /* Debug */,
				14B202DD29FF6BD600DA6C6A /* Release */,
			);
			defaultConfigurationIsVisible = 0;
			defaultConfigurationName = Release;
		};
/* End XCConfigurationList section */
	};
	rootObject = 14B202C529FF6BD400DA6C6A /* Project object */;
}
